
Microsoft Visual Studio Solution File, Format Version 12.00
# Visual Studio Version 16
VisualStudioVersion = 16.0.29920.165
MinimumVisualStudioVersion = 10.0.40219.1
Project("{FAE04EC0-301F-11D3-BF4B-00C04F79EFBC}") = "WindowsFormsApp1", "WindowsFormsApp1\WindowsFormsApp1.csproj", "{909E98AA-BAE3-4CE0-8D14-9AB4C91D4746}"
EndProject
Global
	GlobalSection(SolutionConfigurationPlatforms) = preSolution
		Debug|Any CPU = Debug|Any CPU
		Release|Any CPU = Release|Any CPU
	EndGlobalSection
	GlobalSection(ProjectConfigurationPlatforms) = postSolution
		{909E98AA-BAE3-4CE0-8D14-9AB4C91D4746}.Debug|Any CPU.ActiveCfg = Debug|Any CPU
		{909E98AA-BAE3-4CE0-8D14-9AB4C91D4746}.Debug|Any CPU.Build.0 = Debug|Any CPU
		{909E98AA-BAE3-4CE0-8D14-9AB4C91D4746}.Release|Any CPU.ActiveCfg = Release|Any CPU
		{909E98AA-BAE3-4CE0-8D14-9AB4C91D4746}.Release|Any CPU.Build.0 = Release|Any CPU
	EndGlobalSection
	GlobalSection(SolutionProperties) = preSolution
		HideSolutionNode = FALSE
	EndGlobalSection
	GlobalSection(ExtensibilityGlobals) = postSolution
		SolutionGuid = {AA2E9962-8F89-4219-890F-8066E5DCFD99}
	EndGlobalSection
EndGlobal
